
Microsoft Visual Studio Solution File, Format Version 12.00
# Visual Studio Version 16
VisualStudioVersion = 16.0.31321.278
MinimumVisualStudioVersion = 10.0.40219.1
Project("{FAE04EC0-301F-11D3-BF4B-00C04F79EFBC}") = "ApiVersioningPoc", "ApiVersioningPoc\ApiVersioningPoc.csproj", "{65C8DC89-EA98-47F8-AF49-E14B140F69F5}"
EndProject
Global
	GlobalSection(SolutionConfigurationPlatforms) = preSolution
		Debug|Any CPU = Debug|Any CPU
		Release|Any CPU = Release|Any CPU
	EndGlobalSection
	GlobalSection(ProjectConfigurationPlatforms) = postSolution
		{65C8DC89-EA98-47F8-AF49-E14B140F69F5}.Debug|Any CPU.ActiveCfg = Debug|Any CPU
		{65C8DC89-EA98-47F8-AF49-E14B140F69F5}.Debug|Any CPU.Build.0 = Debug|Any CPU
		{65C8DC89-EA98-47F8-AF49-E14B140F69F5}.Release|Any CPU.ActiveCfg = Release|Any CPU
		{65C8DC89-EA98-47F8-AF49-E14B140F69F5}.Release|Any CPU.Build.0 = Release|Any CPU
	EndGlobalSection
	GlobalSection(SolutionProperties) = preSolution
		HideSolutionNode = FALSE
	EndGlobalSection
	GlobalSection(ExtensibilityGlobals) = postSolution
		SolutionGuid = {199C4126-9AEA-4021-B6C6-58759BB65E7B}
	EndGlobalSection
EndGlobal
